Microsoft Visual Studio Solution File, Format Version 12.00
# Visual Studio Version 17
VisualStudioVersion = 17.5.2.0
MinimumVisualStudioVersion = 10.0.40219.1
Project("{FAE04EC0-301F-11D3-BF4B-00C04F79EFBC}") = "TerbinCLI", "TerbinCLI.csproj", "{4523B1E3-4ED5-6E30-E7A9-5E7F0A901DB9}"
EndProject
Global
	GlobalSection(SolutionConfigurationPlatforms) = preSolution
		Debug|Any CPU = Debug|Any CPU
		Release|Any CPU = Release|Any CPU
	EndGlobalSection
	GlobalSection(ProjectConfigurationPlatforms) = postSolution
		{4523B1E3-4ED5-6E30-E7A9-5E7F0A901DB9}.Debug|Any CPU.ActiveCfg = Debug|Any CPU
		{4523B1E3-4ED5-6E30-E7A9-5E7F0A901DB9}.Debug|Any CPU.Build.0 = Debug|Any CPU
		{4523B1E3-4ED5-6E30-E7A9-5E7F0A901DB9}.Release|Any CPU.ActiveCfg = Release|Any CPU
		{4523B1E3-4ED5-6E30-E7A9-5E7F0A901DB9}.Release|Any CPU.Build.0 = Release|Any CPU
	EndGlobalSection
	GlobalSection(SolutionProperties) = preSolution
		HideSolutionNode = FALSE
	EndGlobalSection
	GlobalSection(ExtensibilityGlobals) = postSolution
		SolutionGuid = {4F8EB8A0-E175-4AC3-8DE0-8789319A7B1A}
	EndGlobalSection
EndGlobal
